// !$*UTF8*$!
{
	archiveVersion = 1;
	classes = {
	};
	objectVersion = 46;
	objects = {

/* Begin PBXBuildFile section */
		24C3AEE1BB8C20399520EB91 /* Pods_Domain.framework in Frameworks */ = {isa = PBXBuildFile; fileRef = 1FE3238176331497C6DE11D3 /* Pods_Domain.framework */; };
		38AD825AD064D3E032ED059B /* Pods_Network.framework in Frameworks */ = {isa = PBXBuildFile; fileRef = 229D6BB16343776D3562F4F5 /* Pods_Network.framework */; };
		3931EF5830EE5D9B34C25EA8 /* Pods_LogBookUITests.framework in Frameworks */ = {isa = PBXBuildFile; fileRef = CDCC1DDE0C4855CCE7C6D8DB /* Pods_LogBookUITests.framework */; };
		4BD418A96CAA6C85D511C177 /* Pods_LogBookTests.framework in Frameworks */ = {isa = PBXBuildFile; fileRef = E1C7F14FF384617D675211D4 /* Pods_LogBookTests.framework */; };
		876E42F29948074016B56CE9 /* Pods_LogBook.framework in Frameworks */ = {isa = PBXBuildFile; fileRef = 6BAC87F5E8F5387E227A8A81 /* Pods_LogBook.framework */; };
		A302E5F01F41E60E007128AD /* UseCaseProvider.swift in Sources */ = {isa = PBXBuildFile; fileRef = A302E5EF1F41E60E007128AD /* UseCaseProvider.swift */; };
		A302E5F21F41E63F007128AD /* AllTripsUseCase.swift in Sources */ = {isa = PBXBuildFile; fileRef = A302E5F11F41E63F007128AD /* AllTripsUseCase.swift */; };
		A3056F121F41E83C00A8EED4 /* Network.framework in Frameworks */ = {isa = PBXBuildFile; fileRef = A3056F091F41E83C00A8EED4 /* Network.framework */; };
		A3056F191F41E83C00A8EED4 /* NetworkTests.swift in Sources */ = {isa = PBXBuildFile; fileRef = A3056F181F41E83C00A8EED4 /* NetworkTests.swift */; };
		A3056F1B1F41E83C00A8EED4 /* Network.h in Headers */ = {isa = PBXBuildFile; fileRef = A3056F0B1F41E83C00A8EED4 /* Network.h */; settings = {ATTRIBUTES = (Public, ); }; };
		A3056F1E1F41E83C00A8EED4 /* Network.framework in Frameworks */ = {isa = PBXBuildFile; fileRef = A3056F091F41E83C00A8EED4 /* Network.framework */; };
		A3056F1F1F41E83C00A8EED4 /* Network.framework in Embed Frameworks */ = {isa = PBXBuildFile; fileRef = A3056F091F41E83C00A8EED4 /* Network.framework */; settings = {ATTRIBUTES = (CodeSignOnCopy, RemoveHeadersOnCopy, ); }; };
		A3056F261F41E84900A8EED4 /* Pods_Domain.framework in Frameworks */ = {isa = PBXBuildFile; fileRef = 1FE3238176331497C6DE11D3 /* Pods_Domain.framework */; };
		A3056F291F41E93F00A8EED4 /* UseCaseProvider.swift in Sources */ = {isa = PBXBuildFile; fileRef = A3056F281F41E93F00A8EED4 /* UseCaseProvider.swift */; };
		A3056F2C1F41EA7700A8EED4 /* Network.swift in Sources */ = {isa = PBXBuildFile; fileRef = A3056F2B1F41EA7700A8EED4 /* Network.swift */; };
		A3056F2E1F41EA8300A8EED4 /* NetworkProvider.swift in Sources */ = {isa = PBXBuildFile; fileRef = A3056F2D1F41EA8300A8EED4 /* NetworkProvider.swift */; };
		A3056F311F41EAE700A8EED4 /* TripsNetwork.swift in Sources */ = {isa = PBXBuildFile; fileRef = A3056F301F41EAE700A8EED4 /* TripsNetwork.swift */; };
		A3056F361F41F11200A8EED4 /* UserDetailsNavigator.swift in Sources */ = {isa = PBXBuildFile; fileRef = A3056F351F41F11200A8EED4 /* UserDetailsNavigator.swift */; };
		A358DCFA1F4D86CC009E320B /* PersonIcon.swift in Sources */ = {isa = PBXBuildFile; fileRef = A358DCF91F4D86CC009E320B /* PersonIcon.swift */; };
		A3718C0A1F41F396002D1FA1 /* ActivityIndicator.swift in Sources */ = {isa = PBXBuildFile; fileRef = A3718C061F41F396002D1FA1 /* ActivityIndicator.swift */; };
		A3718C0B1F41F396002D1FA1 /* ErrorTracker.swift in Sources */ = {isa = PBXBuildFile; fileRef = A3718C071F41F396002D1FA1 /* ErrorTracker.swift */; };
		A3718C0C1F41F396002D1FA1 /* Observable+Ext.swift in Sources */ = {isa = PBXBuildFile; fileRef = A3718C081F41F396002D1FA1 /* Observable+Ext.swift */; };
		A3718C0D1F41F396002D1FA1 /* Reusable.swift in Sources */ = {isa = PBXBuildFile; fileRef = A3718C091F41F396002D1FA1 /* Reusable.swift */; };
		A3718C0F1F41F421002D1FA1 /* Application.swift in Sources */ = {isa = PBXBuildFile; fileRef = A3718C0E1F41F421002D1FA1 /* Application.swift */; };
		A39E00FB1F45B26200FC9AE8 /* RxFirebase.swift in Sources */ = {isa = PBXBuildFile; fileRef = A39E00FA1F45B26200FC9AE8 /* RxFirebase.swift */; };
		A39E00FD1F45BB7800FC9AE8 /* MainInterfaceNavigator.swift in Sources */ = {isa = PBXBuildFile; fileRef = A39E00FC1F45BB7800FC9AE8 /* MainInterfaceNavigator.swift */; };
		A39E00FF1F45CC8700FC9AE8 /* MapViewController.swift in Sources */ = {isa = PBXBuildFile; fileRef = A39E00FE1F45CC8700FC9AE8 /* MapViewController.swift */; };
		A3A2380C1F41DFD500873C19 /* AppDelegate.swift in Sources */ = {isa = PBXBuildFile; fileRef = A3A2380B1F41DFD500873C19 /* AppDelegate.swift */; };
		A3A2380E1F41DFD600873C19 /* ViewController.swift in Sources */ = {isa = PBXBuildFile; fileRef = A3A2380D1F41DFD600873C19 /* ViewController.swift */; };
		A3A238111F41DFD600873C19 /* Main.storyboard in Resources */ = {isa = PBXBuildFile; fileRef = A3A2380F1F41DFD600873C19 /* Main.storyboard */; };
		A3A238141F41DFD600873C19 /* LogBook.xcdatamodeld in Sources */ = {isa = PBXBuildFile; fileRef = A3A238121F41DFD600873C19 /* LogBook.xcdatamodeld */; };
		A3A238161F41DFD600873C19 /* Assets.xcassets in Resources */ = {isa = PBXBuildFile; fileRef = A3A238151F41DFD600873C19 /* Assets.xcassets */; };
		A3A238191F41DFD600873C19 /* LaunchScreen.storyboard in Resources */ = {isa = PBXBuildFile; fileRef = A3A238171F41DFD600873C19 /* LaunchScreen.storyboard */; };
		A3A238241F41DFD600873C19 /* LogBookTests.swift in Sources */ = {isa = PBXBuildFile; fileRef = A3A238231F41DFD600873C19 /* LogBookTests.swift */; };
		A3A2382F1F41DFD600873C19 /* LogBookUITests.swift in Sources */ = {isa = PBXBuildFile; fileRef = A3A2382E1F41DFD600873C19 /* LogBookUITests.swift */; };
		A3A2384A1F41E13E00873C19 /* Domain.framework in Frameworks */ = {isa = PBXBuildFile; fileRef = A3A238411F41E13E00873C19 /* Domain.framework */; };
		A3A238511F41E13E00873C19 /* DomainTests.swift in Sources */ = {isa = PBXBuildFile; fileRef = A3A238501F41E13E00873C19 /* DomainTests.swift */; };
		A3A238531F41E13E00873C19 /* Domain.h in Headers */ = {isa = PBXBuildFile; fileRef = A3A238431F41E13E00873C19 /* Domain.h */; settings = {ATTRIBUTES = (Public, ); }; };
		A3A238561F41E13E00873C19 /* Domain.framework in Frameworks */ = {isa = PBXBuildFile; fileRef = A3A238411F41E13E00873C19 /* Domain.framework */; };
		A3A238571F41E13E00873C19 /* Domain.framework in Embed Frameworks */ = {isa = PBXBuildFile; fileRef = A3A238411F41E13E00873C19 /* Domain.framework */; settings = {ATTRIBUTES = (CodeSignOnCopy, RemoveHeadersOnCopy, ); }; };
		A3A238611F41E22A00873C19 /* Trip.swift in Sources */ = {isa = PBXBuildFile; fileRef = A3A238601F41E22A00873C19 /* Trip.swift */; };
		A3B9F5E11F4EB8C7009392FE /* MapKit.framework in Frameworks */ = {isa = PBXBuildFile; fileRef = A3B9F5E01F4EB8C7009392FE /* MapKit.framework */; };
		A3E50EF71F42D034007AC71D /* SignUpController.swift in Sources */ = {isa = PBXBuildFile; fileRef = A3E50EF61F42D034007AC71D /* SignUpController.swift */; };
		A3E50EF91F42D07A007AC71D /* LogInViewController.swift in Sources */ = {isa = PBXBuildFile; fileRef = A3E50EF81F42D07A007AC71D /* LogInViewController.swift */; };
		A3E50EFC1F42DA19007AC71D /* Trip+Mapping.swift in Sources */ = {isa = PBXBuildFile; fileRef = A3E50EFB1F42DA19007AC71D /* Trip+Mapping.swift */; };
		A3E50EFE1F42F623007AC71D /* GoogleService-Info.plist in Resources */ = {isa = PBXBuildFile; fileRef = A3E50EFD1F42F623007AC71D /* GoogleService-Info.plist */; };
		FBA02BE5C2887C796644EBB0 /* Pods_DomainTests.framework in Frameworks */ = {isa = PBXBuildFile; fileRef = EE75CDBE8788BE77B1C96B98 /* Pods_DomainTests.framework */; };
/* End PBXBuildFile section */

/* Begin PBXContainerItemProxy section */
		A3056F131F41E83C00A8EED4 /* PBXContainerItemProxy */ = {
			isa = PBXContainerItemProxy;
			containerPortal = A3A238001F41DFD500873C19 /* Project object */;
			proxyType = 1;
			remoteGlobalIDString = A3056F081F41E83C00A8EED4;
			remoteInfo = Network;
		};
		A3056F151F41E83C00A8EED4 /* PBXContainerItemProxy */ = {
			isa = PBXContainerItemProxy;
			containerPortal = A3A238001F41DFD500873C19 /* Project object */;
			proxyType = 1;
			remoteGlobalIDString = A3A238071F41DFD500873C19;
			remoteInfo = LogBook;
		};
		A3056F1C1F41E83C00A8EED4 /* PBXContainerItemProxy */ = {
			isa = PBXContainerItemProxy;
			containerPortal = A3A238001F41DFD500873C19 /* Project object */;
			proxyType = 1;
			remoteGlobalIDString = A3056F081F41E83C00A8EED4;
			remoteInfo = Network;
		};
		A3A238201F41DFD600873C19 /* PBXContainerItemProxy */ = {
			isa = PBXContainerItemProxy;
			containerPortal = A3A238001F41DFD500873C19 /* Project object */;
			proxyType = 1;
			remoteGlobalIDString = A3A238071F41DFD500873C19;
			remoteInfo = LogBook;
		};
		A3A2382B1F41DFD600873C19 /* PBXContainerItemProxy */ = {
			isa = PBXContainerItemProxy;
			containerPortal = A3A238001F41DFD500873C19 /* Project object */;
			proxyType = 1;
			remoteGlobalIDString = A3A238071F41DFD500873C19;
			remoteInfo = LogBook;
		};
		A3A2384B1F41E13E00873C19 /* PBXContainerItemProxy */ = {
			isa = PBXContainerItemProxy;
			containerPortal = A3A238001F41DFD500873C19 /* Project object */;
			proxyType = 1;
			remoteGlobalIDString = A3A238401F41E13E00873C19;
			remoteInfo = Domain;
		};
		A3A2384D1F41E13E00873C19 /* PBXContainerItemProxy */ = {
			isa = PBXContainerItemProxy;
			containerPortal = A3A238001F41DFD500873C19 /* Project object */;
			proxyType = 1;
			remoteGlobalIDString = A3A238071F41DFD500873C19;
			remoteInfo = LogBook;
		};
		A3A238541F41E13E00873C19 /* PBXContainerItemProxy */ = {
			isa = PBXContainerItemProxy;
			containerPortal = A3A238001F41DFD500873C19 /* Project object */;
			proxyType = 1;
			remoteGlobalIDString = A3A238401F41E13E00873C19;
			remoteInfo = Domain;
		};
/* End PBXContainerItemProxy section */

/* Begin PBXCopyFilesBuildPhase section */
		A3A2385B1F41E13E00873C19 /* Embed Frameworks */ = {
			isa = PBXCopyFilesBuildPhase;
			buildActionMask = 2147483647;
			dstPath = "";
			dstSubfolderSpec = 10;
			files = (
				A3A238571F41E13E00873C19 /* Domain.framework in Embed Frameworks */,
				A3056F1F1F41E83C00A8EED4 /* Network.framework in Embed Frameworks */,
			);
			name = "Embed Frameworks";
			runOnlyForDeploymentPostprocessing = 0;
		};
/* End PBXCopyFilesBuildPhase section */

/* Begin PBXFileReference section */
		16FF1DF992974E10C93F8368 /* Pods-Network.release.xcconfig */ = {isa = PBXFileReference; includeInIndex = 1; lastKnownFileType = text.xcconfig; name = "Pods-Network.release.xcconfig"; path = "Pods/Target Support Files/Pods-Network/Pods-Network.release.xcconfig"; sourceTree = "<group>"; };
		1FE3238176331497C6DE11D3 /* Pods_Domain.framework */ = {isa = PBXFileReference; explicitFileType = wrapper.framework; includeInIndex = 0; path = Pods_Domain.framework; sourceTree = BUILT_PRODUCTS_DIR; };
		229D6BB16343776D3562F4F5 /* Pods_Network.framework */ = {isa = PBXFileReference; explicitFileType = wrapper.framework; includeInIndex = 0; path = Pods_Network.framework; sourceTree = BUILT_PRODUCTS_DIR; };
		26777713BC85D988687BE83E /* Pods-Domain.debug.xcconfig */ = {isa = PBXFileReference; includeInIndex = 1; lastKnownFileType = text.xcconfig; name = "Pods-Domain.debug.xcconfig"; path = "Pods/Target Support Files/Pods-Domain/Pods-Domain.debug.xcconfig"; sourceTree = "<group>"; };
		2750DD532D152D9BF0C35742 /* Pods-LogBook.debug.xcconfig */ = {isa = PBXFileReference; includeInIndex = 1; lastKnownFileType = text.xcconfig; name = "Pods-LogBook.debug.xcconfig"; path = "Pods/Target Support Files/Pods-LogBook/Pods-LogBook.debug.xcconfig"; sourceTree = "<group>"; };
		49AA16F48A0632651DFB8146 /* Pods-LogBookTests.debug.xcconfig */ = {isa = PBXFileReference; includeInIndex = 1; lastKnownFileType = text.xcconfig; name = "Pods-LogBookTests.debug.xcconfig"; path = "Pods/Target Support Files/Pods-LogBookTests/Pods-LogBookTests.debug.xcconfig"; sourceTree = "<group>"; };
		4E80802575C898BEF03B3C4D /* Pods-Domain.release.xcconfig */ = {isa = PBXFileReference; includeInIndex = 1; lastKnownFileType = text.xcconfig; name = "Pods-Domain.release.xcconfig"; path = "Pods/Target Support Files/Pods-Domain/Pods-Domain.release.xcconfig"; sourceTree = "<group>"; };
		6BAC87F5E8F5387E227A8A81 /* Pods_LogBook.framework */ = {isa = PBXFileReference; explicitFileType = wrapper.framework; includeInIndex = 0; path = Pods_LogBook.framework; sourceTree = BUILT_PRODUCTS_DIR; };
		7DD09A050E063F07AA61B491 /* Pods-DomainTests.release.xcconfig */ = {isa = PBXFileReference; includeInIndex = 1; lastKnownFileType = text.xcconfig; name = "Pods-DomainTests.release.xcconfig"; path = "Pods/Target Support Files/Pods-DomainTests/Pods-DomainTests.release.xcconfig"; sourceTree = "<group>"; };
		940A764F780F275F1DC1048F /* Pods-DomainTests.debug.xcconfig */ = {isa = PBXFileReference; includeInIndex = 1; lastKnownFileType = text.xcconfig; name = "Pods-DomainTests.debug.xcconfig"; path = "Pods/Target Support Files/Pods-DomainTests/Pods-DomainTests.debug.xcconfig"; sourceTree = "<group>"; };
		9F68679F84CA79583BD14E87 /* Pods-LogBook.release.xcconfig */ = {isa = PBXFileReference; includeInIndex = 1; lastKnownFileType = text.xcconfig; name = "Pods-LogBook.release.xcconfig"; path = "Pods/Target Support Files/Pods-LogBook/Pods-LogBook.release.xcconfig"; sourceTree = "<group>"; };
		A302E5EF1F41E60E007128AD /* UseCaseProvider.swift */ = {isa = PBXFileReference; fileEncoding = 4; lastKnownFileType = sourcecode.swift; path = UseCaseProvider.swift; sourceTree = "<group>"; };
		A302E5F11F41E63F007128AD /* AllTripsUseCase.swift */ = {isa = PBXFileReference; fileEncoding = 4; lastKnownFileType = sourcecode.swift; path = AllTripsUseCase.swift; sourceTree = "<group>"; };
		A3056F091F41E83C00A8EED4 /* Network.framework */ = {isa = PBXFileReference; explicitFileType = wrapper.framework; includeInIndex = 0; path = Network.framework; sourceTree = BUILT_PRODUCTS_DIR; };
		A3056F0B1F41E83C00A8EED4 /* Network.h */ = {isa = PBXFileReference; lastKnownFileType = sourcecode.c.h; path = Network.h; sourceTree = "<group>"; };
		A3056F0C1F41E83C00A8EED4 /* Info.plist */ = {isa = PBXFileReference; lastKnownFileType = text.plist.xml; path = Info.plist; sourceTree = "<group>"; };
		A3056F111F41E83C00A8EED4 /* NetworkTests.xctest */ = {isa = PBXFileReference; explicitFileType = wrapper.cfbundle; includeInIndex = 0; path = NetworkTests.xctest; sourceTree = BUILT_PRODUCTS_DIR; };
		A3056F181F41E83C00A8EED4 /* NetworkTests.swift */ = {isa = PBXFileReference; lastKnownFileType = sourcecode.swift; path = NetworkTests.swift; sourceTree = "<group>"; };
		A3056F1A1F41E83C00A8EED4 /* Info.plist */ = {isa = PBXFileReference; lastKnownFileType = text.plist.xml; path = Info.plist; sourceTree = "<group>"; };
		A3056F281F41E93F00A8EED4 /* UseCaseProvider.swift */ = {isa = PBXFileReference; fileEncoding = 4; lastKnownFileType = sourcecode.swift; path = UseCaseProvider.swift; sourceTree = "<group>"; };
		A3056F2B1F41EA7700A8EED4 /* Network.swift */ = {isa = PBXFileReference; fileEncoding = 4; lastKnownFileType = sourcecode.swift; path = Network.swift; sourceTree = "<group>"; };
		A3056F2D1F41EA8300A8EED4 /* NetworkProvider.swift */ = {isa = PBXFileReference; fileEncoding = 4; lastKnownFileType = sourcecode.swift; path = NetworkProvider.swift; sourceTree = "<group>"; };
		A3056F301F41EAE700A8EED4 /* TripsNetwork.swift */ = {isa = PBXFileReference; fileEncoding = 4; lastKnownFileType = sourcecode.swift; path = TripsNetwork.swift; sourceTree = "<group>"; };
		A3056F351F41F11200A8EED4 /* UserDetailsNavigator.swift */ = {isa = PBXFileReference; fileEncoding = 4; lastKnownFileType = sourcecode.swift; path = UserDetailsNavigator.swift; sourceTree = "<group>"; };
		A358DCF91F4D86CC009E320B /* PersonIcon.swift */ = {isa = PBXFileReference; fileEncoding = 4; lastKnownFileType = sourcecode.swift; path = PersonIcon.swift; sourceTree = "<group>"; };
		A3718C061F41F396002D1FA1 /* ActivityIndicator.swift */ = {isa = PBXFileReference; fileEncoding = 4; lastKnownFileType = sourcecode.swift; name = ActivityIndicator.swift; path = Utility/ActivityIndicator.swift; sourceTree = "<group>"; };
		A3718C071F41F396002D1FA1 /* ErrorTracker.swift */ = {isa = PBXFileReference; fileEncoding = 4; lastKnownFileType = sourcecode.swift; name = ErrorTracker.swift; path = Utility/ErrorTracker.swift; sourceTree = "<group>"; };
		A3718C081F41F396002D1FA1 /* Observable+Ext.swift */ = {isa = PBXFileReference; fileEncoding = 4; lastKnownFileType = sourcecode.swift; name = "Observable+Ext.swift"; path = "Utility/Observable+Ext.swift"; sourceTree = "<group>"; };
		A3718C091F41F396002D1FA1 /* Reusable.swift */ = {isa = PBXFileReference; fileEncoding = 4; lastKnownFileType = sourcecode.swift; name = Reusable.swift; path = Utility/Reusable.swift; sourceTree = "<group>"; };
		A3718C0E1F41F421002D1FA1 /* Application.swift */ = {isa = PBXFileReference; fileEncoding = 4; lastKnownFileType = sourcecode.swift; path = Application.swift; sourceTree = "<group>"; };
		A39E00FA1F45B26200FC9AE8 /* RxFirebase.swift */ = {isa = PBXFileReference; fileEncoding = 4; lastKnownFileType = sourcecode.swift; path = RxFirebase.swift; sourceTree = "<group>"; };
		A39E00FC1F45BB7800FC9AE8 /* MainInterfaceNavigator.swift */ = {isa = PBXFileReference; fileEncoding = 4; lastKnownFileType = sourcecode.swift; path = MainInterfaceNavigator.swift; sourceTree = "<group>"; };
		A39E00FE1F45CC8700FC9AE8 /* MapViewController.swift */ = {isa = PBXFileReference; fileEncoding = 4; lastKnownFileType = sourcecode.swift; path = MapViewController.swift; sourceTree = "<group>"; };
		A3A238081F41DFD500873C19 /* LogBook.app */ = {isa = PBXFileReference; explicitFileType = wrapper.application; includeInIndex = 0; path = LogBook.app; sourceTree = BUILT_PRODUCTS_DIR; };
		A3A2380B1F41DFD500873C19 /* AppDelegate.swift */ = {isa = PBXFileReference; lastKnownFileType = sourcecode.swift; path = AppDelegate.swift; sourceTree = "<group>"; };
		A3A2380D1F41DFD600873C19 /* ViewController.swift */ = {isa = PBXFileReference; lastKnownFileType = sourcecode.swift; path = ViewController.swift; sourceTree = "<group>"; };
		A3A238101F41DFD600873C19 /* Base */ = {isa = PBXFileReference; lastKnownFileType = file.storyboard; name = Base; path = Base.lproj/Main.storyboard; sourceTree = "<group>"; };
		A3A238131F41DFD600873C19 /* LogBook.xcdatamodel */ = {isa = PBXFileReference; lastKnownFileType = wrapper.xcdatamodel; path = LogBook.xcdatamodel; sourceTree = "<group>"; };
		A3A238151F41DFD600873C19 /* Assets.xcassets */ = {isa = PBXFileReference; lastKnownFileType = folder.assetcatalog; path = Assets.xcassets; sourceTree = "<group>"; };
		A3A238181F41DFD600873C19 /* Base */ = {isa = PBXFileReference; lastKnownFileType = file.storyboard; name = Base; path = Base.lproj/LaunchScreen.storyboard; sourceTree = "<group>"; };
		A3A2381A1F41DFD600873C19 /* Info.plist */ = {isa = PBXFileReference; lastKnownFileType = text.plist.xml; path = Info.plist; sourceTree = "<group>"; };
		A3A2381F1F41DFD600873C19 /* LogBookTests.xctest */ = {isa = PBXFileReference; explicitFileType = wrapper.cfbundle; includeInIndex = 0; path = LogBookTests.xctest; sourceTree = BUILT_PRODUCTS_DIR; };
		A3A238231F41DFD600873C19 /* LogBookTests.swift */ = {isa = PBXFileReference; lastKnownFileType = sourcecode.swift; path = LogBookTests.swift; sourceTree = "<group>"; };
		A3A238251F41DFD600873C19 /* Info.plist */ = {isa = PBXFileReference; lastKnownFileType = text.plist.xml; path = Info.plist; sourceTree = "<group>"; };
		A3A2382A1F41DFD600873C19 /* LogBookUITests.xctest */ = {isa = PBXFileReference; explicitFileType = wrapper.cfbundle; includeInIndex = 0; path = LogBookUITests.xctest; sourceTree = BUILT_PRODUCTS_DIR; };
		A3A2382E1F41DFD600873C19 /* LogBookUITests.swift */ = {isa = PBXFileReference; lastKnownFileType = sourcecode.swift; path = LogBookUITests.swift; sourceTree = "<group>"; };
		A3A238301F41DFD600873C19 /* Info.plist */ = {isa = PBXFileReference; lastKnownFileType = text.plist.xml; path = Info.plist; sourceTree = "<group>"; };
		A3A238411F41E13E00873C19 /* Domain.framework */ = {isa = PBXFileReference; explicitFileType = wrapper.framework; includeInIndex = 0; path = Domain.framework; sourceTree = BUILT_PRODUCTS_DIR; };
		A3A238431F41E13E00873C19 /* Domain.h */ = {isa = PBXFileReference; lastKnownFileType = sourcecode.c.h; path = Domain.h; sourceTree = "<group>"; };
		A3A238441F41E13E00873C19 /* Info.plist */ = {isa = PBXFileReference; lastKnownFileType = text.plist.xml; path = Info.plist; sourceTree = "<group>"; };
		A3A238491F41E13E00873C19 /* DomainTests.xctest */ = {isa = PBXFileReference; explicitFileType = wrapper.cfbundle; includeInIndex = 0; path = DomainTests.xctest; sourceTree = BUILT_PRODUCTS_DIR; };
		A3A238501F41E13E00873C19 /* DomainTests.swift */ = {isa = PBXFileReference; lastKnownFileType = sourcecode.swift; path = DomainTests.swift; sourceTree = "<group>"; };
		A3A238521F41E13E00873C19 /* Info.plist */ = {isa = PBXFileReference; lastKnownFileType = text.plist.xml; path = Info.plist; sourceTree = "<group>"; };
		A3A238601F41E22A00873C19 /* Trip.swift */ = {isa = PBXFileReference; fileEncoding = 4; lastKnownFileType = sourcecode.swift; path = Trip.swift; sourceTree = "<group>"; };
		A3B9F5E01F4EB8C7009392FE /* MapKit.framework */ = {isa = PBXFileReference; lastKnownFileType = wrapper.framework; name = MapKit.framework; path = System/Library/Frameworks/MapKit.framework; sourceTree = SDKROOT; };
		A3E50EF61F42D034007AC71D /* SignUpController.swift */ = {isa = PBXFileReference; fileEncoding = 4; lastKnownFileType = sourcecode.swift; path = SignUpController.swift; sourceTree = "<group>"; };
		A3E50EF81F42D07A007AC71D /* LogInViewController.swift */ = {isa = PBXFileReference; fileEncoding = 4; lastKnownFileType = sourcecode.swift; path = LogInViewController.swift; sourceTree = "<group>"; };
		A3E50EFB1F42DA19007AC71D /* Trip+Mapping.swift */ = {isa = PBXFileReference; fileEncoding = 4; lastKnownFileType = sourcecode.swift; path = "Trip+Mapping.swift"; sourceTree = "<group>"; };
		A3E50EFD1F42F623007AC71D /* GoogleService-Info.plist */ = {isa = PBXFileReference; fileEncoding = 4; lastKnownFileType = text.plist.xml; path = "GoogleService-Info.plist"; sourceTree = "<group>"; };
		B73E462F0D6029EEB340C5AC /* Pods-LogBookUITests.debug.xcconfig */ = {isa = PBXFileReference; includeInIndex = 1; lastKnownFileType = text.xcconfig; name = "Pods-LogBookUITests.debug.xcconfig"; path = "Pods/Target Support Files/Pods-LogBookUITests/Pods-LogBookUITests.debug.xcconfig"; sourceTree = "<group>"; };
		C37C991F8138BA637B8D4008 /* Pods-Network.debug.xcconfig */ = {isa = PBXFileReference; includeInIndex = 1; lastKnownFileType = text.xcconfig; name = "Pods-Network.debug.xcconfig"; path = "Pods/Target Support Files/Pods-Network/Pods-Network.debug.xcconfig"; sourceTree = "<group>"; };
		CDCC1DDE0C4855CCE7C6D8DB /* Pods_LogBookUITests.framework */ = {isa = PBXFileReference; explicitFileType = wrapper.framework; includeInIndex = 0; path = Pods_LogBookUITests.framework; sourceTree = BUILT_PRODUCTS_DIR; };
		D283F680509E6F4155ECEA94 /* Pods-LogBookTests.release.xcconfig */ = {isa = PBXFileReference; includeInIndex = 1; lastKnownFileType = text.xcconfig; name = "Pods-LogBookTests.release.xcconfig"; path = "Pods/Target Support Files/Pods-LogBookTests/Pods-LogBookTests.release.xcconfig"; sourceTree = "<group>"; };
		E1C7F14FF384617D675211D4 /* Pods_LogBookTests.framework */ = {isa = PBXFileReference; explicitFileType = wrapper.framework; includeInIndex = 0; path = Pods_LogBookTests.framework; sourceTree = BUILT_PRODUCTS_DIR; };
		ECBE4143E4F3AD9E91703B55 /* Pods-LogBookUITests.release.xcconfig */ = {isa = PBXFileReference; includeInIndex = 1; lastKnownFileType = text.xcconfig; name = "Pods-LogBookUITests.release.xcconfig"; path = "Pods/Target Support Files/Pods-LogBookUITests/Pods-LogBookUITests.release.xcconfig"; sourceTree = "<group>"; };
		EE75CDBE8788BE77B1C96B98 /* Pods_DomainTests.framework */ = {isa = PBXFileReference; explicitFileType = wrapper.framework; includeInIndex = 0; path = Pods_DomainTests.framework; sourceTree = BUILT_PRODUCTS_DIR; };
/* End PBXFileReference section */

/* Begin PBXFrameworksBuildPhase section */
		A3056F051F41E83C00A8EED4 /* Frameworks */ = {
			isa = PBXFrameworksBuildPhase;
			buildActionMask = 2147483647;
			files = (
				A3056F261F41E84900A8EED4 /* Pods_Domain.framework in Frameworks */,
				38AD825AD064D3E032ED059B /* Pods_Network.framework in Frameworks */,
			);
			runOnlyForDeploymentPostprocessing = 0;
		};
		A3056F0E1F41E83C00A8EED4 /* Frameworks */ = {
			isa = PBXFrameworksBuildPhase;
			buildActionMask = 2147483647;
			files = (
				A3056F121F41E83C00A8EED4 /* Network.framework in Frameworks */,
			);
			runOnlyForDeploymentPostprocessing = 0;
		};
		A3A238051F41DFD500873C19 /* Frameworks */ = {
			isa = PBXFrameworksBuildPhase;
			buildActionMask = 2147483647;
			files = (
				A3A238561F41E13E00873C19 /* Domain.framework in Frameworks */,
				876E42F29948074016B56CE9 /* Pods_LogBook.framework in Frameworks */,
				A3B9F5E11F4EB8C7009392FE /* MapKit.framework in Frameworks */,
				A3056F1E1F41E83C00A8EED4 /* Network.framework in Frameworks */,
			);
			runOnlyForDeploymentPostprocessing = 0;
		};
		A3A2381C1F41DFD600873C19 /* Frameworks */ = {
			isa = PBXFrameworksBuildPhase;
			buildActionMask = 2147483647;
			files = (
				4BD418A96CAA6C85D511C177 /* Pods_LogBookTests.framework in Frameworks */,
			);
			runOnlyForDeploymentPostprocessing = 0;
		};
		A3A238271F41DFD600873C19 /* Frameworks */ = {
			isa = PBXFrameworksBuildPhase;
			buildActionMask = 2147483647;
			files = (
				3931EF5830EE5D9B34C25EA8 /* Pods_LogBookUITests.framework in Frameworks */,
			);
			runOnlyForDeploymentPostprocessing = 0;
		};
		A3A2383D1F41E13E00873C19 /* Frameworks */ = {
			isa = PBXFrameworksBuildPhase;
			buildActionMask = 2147483647;
			files = (
				24C3AEE1BB8C20399520EB91 /* Pods_Domain.framework in Frameworks */,
			);
			runOnlyForDeploymentPostprocessing = 0;
		};
		A3A238461F41E13E00873C19 /* Frameworks */ = {
			isa = PBXFrameworksBuildPhase;
			buildActionMask = 2147483647;
			files = (
				A3A2384A1F41E13E00873C19 /* Domain.framework in Frameworks */,
				FBA02BE5C2887C796644EBB0 /* Pods_DomainTests.framework in Frameworks */,
			);
			runOnlyForDeploymentPostprocessing = 0;
		};
/* End PBXFrameworksBuildPhase section */

/* Begin PBXGroup section */
		31F65EA8B9C4A2CB7A993092 /* Frameworks */ = {
			isa = PBXGroup;
			children = (
				A3B9F5E01F4EB8C7009392FE /* MapKit.framework */,
				1FE3238176331497C6DE11D3 /* Pods_Domain.framework */,
				EE75CDBE8788BE77B1C96B98 /* Pods_DomainTests.framework */,
				6BAC87F5E8F5387E227A8A81 /* Pods_LogBook.framework */,
				E1C7F14FF384617D675211D4 /* Pods_LogBookTests.framework */,
				CDCC1DDE0C4855CCE7C6D8DB /* Pods_LogBookUITests.framework */,
				229D6BB16343776D3562F4F5 /* Pods_Network.framework */,
			);
			name = Frameworks;
			sourceTree = "<group>";
		};
		A302E5EE1F41E5CB007128AD /* UsesCases */ = {
			isa = PBXGroup;
			children = (
				A302E5EF1F41E60E007128AD /* UseCaseProvider.swift */,
				A302E5F11F41E63F007128AD /* AllTripsUseCase.swift */,
			);
			name = UsesCases;
			sourceTree = "<group>";
		};
		A3056F0A1F41E83C00A8EED4 /* Network */ = {
			isa = PBXGroup;
			children = (
				A3E50EFA1F42D9D2007AC71D /* Entries */,
				A3056F2F1F41EACC00A8EED4 /* API */,
				A3056F2A1F41EA6800A8EED4 /* Network */,
				A3056F271F41E86900A8EED4 /* UseCases */,
				A3056F0B1F41E83C00A8EED4 /* Network.h */,
				A3056F0C1F41E83C00A8EED4 /* Info.plist */,
			);
			path = Network;
			sourceTree = "<group>";
		};
		A3056F171F41E83C00A8EED4 /* NetworkTests */ = {
			isa = PBXGroup;
			children = (
				A3056F181F41E83C00A8EED4 /* NetworkTests.swift */,
				A3056F1A1F41E83C00A8EED4 /* Info.plist */,
			);
			path = NetworkTests;
			sourceTree = "<group>";
		};
		A3056F271F41E86900A8EED4 /* UseCases */ = {
			isa = PBXGroup;
			children = (
				A3056F281F41E93F00A8EED4 /* UseCaseProvider.swift */,
			);
			name = UseCases;
			sourceTree = "<group>";
		};
		A3056F2A1F41EA6800A8EED4 /* Network */ = {
			isa = PBXGroup;
			children = (
				A3056F2B1F41EA7700A8EED4 /* Network.swift */,
				A3056F2D1F41EA8300A8EED4 /* NetworkProvider.swift */,
			);
			name = Network;
			sourceTree = "<group>";
		};
		A3056F2F1F41EACC00A8EED4 /* API */ = {
			isa = PBXGroup;
			children = (
				A3056F301F41EAE700A8EED4 /* TripsNetwork.swift */,
			);
			name = API;
			sourceTree = "<group>";
		};
		A3056F321F41F04900A8EED4 /* Application */ = {
			isa = PBXGroup;
			children = (
				A3718C0E1F41F421002D1FA1 /* Application.swift */,
			);
			name = Application;
			sourceTree = "<group>";
		};
		A3056F331F41F05700A8EED4 /* Scenes */ = {
			isa = PBXGroup;
			children = (
				A39E00F91F459DB800FC9AE8 /* Trip */,
				A3056F341F41F0BB00A8EED4 /* UserDetails */,
			);
			name = Scenes;
			sourceTree = "<group>";
		};
		A3056F341F41F0BB00A8EED4 /* UserDetails */ = {
			isa = PBXGroup;
			children = (
				A3E50EF81F42D07A007AC71D /* LogInViewController.swift */,
				A3056F351F41F11200A8EED4 /* UserDetailsNavigator.swift */,
				A3E50EF61F42D034007AC71D /* SignUpController.swift */,
			);
			name = UserDetails;
			sourceTree = "<group>";
		};
		A3718C051F41F38C002D1FA1 /* Util */ = {
			isa = PBXGroup;
			children = (
				A39E00FA1F45B26200FC9AE8 /* RxFirebase.swift */,
				A3718C061F41F396002D1FA1 /* ActivityIndicator.swift */,
				A3718C071F41F396002D1FA1 /* ErrorTracker.swift */,
				A3718C081F41F396002D1FA1 /* Observable+Ext.swift */,
				A3718C091F41F396002D1FA1 /* Reusable.swift */,
			);
			name = Util;
			sourceTree = "<group>";
		};
		A39E00F91F459DB800FC9AE8 /* Trip */ = {
			isa = PBXGroup;
			children = (
				A39E00FC1F45BB7800FC9AE8 /* MainInterfaceNavigator.swift */,
				A39E00FE1F45CC8700FC9AE8 /* MapViewController.swift */,
				A358DCF91F4D86CC009E320B /* PersonIcon.swift */,
			);
			name = Trip;
			sourceTree = "<group>";
		};
		A3A237FF1F41DFD500873C19 = {
			isa = PBXGroup;
			children = (
				A3A2380A1F41DFD500873C19 /* LogBook */,
				A3A238221F41DFD600873C19 /* LogBookTests */,
				A3A2382D1F41DFD600873C19 /* LogBookUITests */,
				A3A238421F41E13E00873C19 /* Domain */,
				A3A2384F1F41E13E00873C19 /* DomainTests */,
				A3056F0A1F41E83C00A8EED4 /* Network */,
				A3056F171F41E83C00A8EED4 /* NetworkTests */,
				A3A238091F41DFD500873C19 /* Products */,
				DB4D7FF7E3C4A46C0487FEE3 /* Pods */,
				31F65EA8B9C4A2CB7A993092 /* Frameworks */,
			);
			sourceTree = "<group>";
		};
		A3A238091F41DFD500873C19 /* Products */ = {
			isa = PBXGroup;
			children = (
				A3A238081F41DFD500873C19 /* LogBook.app */,
				A3A2381F1F41DFD600873C19 /* LogBookTests.xctest */,
				A3A2382A1F41DFD600873C19 /* LogBookUITests.xctest */,
				A3A238411F41E13E00873C19 /* Domain.framework */,
				A3A238491F41E13E00873C19 /* DomainTests.xctest */,
				A3056F091F41E83C00A8EED4 /* Network.framework */,
				A3056F111F41E83C00A8EED4 /* NetworkTests.xctest */,
			);
			name = Products;
			sourceTree = "<group>";
		};
		A3A2380A1F41DFD500873C19 /* LogBook */ = {
			isa = PBXGroup;
			children = (
				A3718C051F41F38C002D1FA1 /* Util */,
				A3056F331F41F05700A8EED4 /* Scenes */,
				A3056F321F41F04900A8EED4 /* Application */,
				A3A2380B1F41DFD500873C19 /* AppDelegate.swift */,
				A3A2380D1F41DFD600873C19 /* ViewController.swift */,
				A3A2380F1F41DFD600873C19 /* Main.storyboard */,
				A3A238151F41DFD600873C19 /* Assets.xcassets */,
				A3A238171F41DFD600873C19 /* LaunchScreen.storyboard */,
				A3A2381A1F41DFD600873C19 /* Info.plist */,
				A3E50EFD1F42F623007AC71D /* GoogleService-Info.plist */,
				A3A238121F41DFD600873C19 /* LogBook.xcdatamodeld */,
			);
			path = LogBook;
			sourceTree = "<group>";
		};
		A3A238221F41DFD600873C19 /* LogBookTests */ = {
			isa = PBXGroup;
			children = (
				A3A238231F41DFD600873C19 /* LogBookTests.swift */,
				A3A238251F41DFD600873C19 /* Info.plist */,
			);
			path = LogBookTests;
			sourceTree = "<group>";
		};
		A3A2382D1F41DFD600873C19 /* LogBookUITests */ = {
			isa = PBXGroup;
			children = (
				A3A2382E1F41DFD600873C19 /* LogBookUITests.swift */,
				A3A238301F41DFD600873C19 /* Info.plist */,
			);
			path = LogBookUITests;
			sourceTree = "<group>";
		};
		A3A238421F41E13E00873C19 /* Domain */ = {
			isa = PBXGroup;
			children = (
				A302E5EE1F41E5CB007128AD /* UsesCases */,
				A3A2385F1F41E1E700873C19 /* Entities */,
				A3A238431F41E13E00873C19 /* Domain.h */,
				A3A238441F41E13E00873C19 /* Info.plist */,
			);
			path = Domain;
			sourceTree = "<group>";
		};
		A3A2384F1F41E13E00873C19 /* DomainTests */ = {
			isa = PBXGroup;
			children = (
				A3A238501F41E13E00873C19 /* DomainTests.swift */,
				A3A238521F41E13E00873C19 /* Info.plist */,
			);
			path = DomainTests;
			sourceTree = "<group>";
		};
		A3A2385F1F41E1E700873C19 /* Entities */ = {
			isa = PBXGroup;
			children = (
				A3A238601F41E22A00873C19 /* Trip.swift */,
			);
			name = Entities;
			sourceTree = "<group>";
		};
		A3E50EFA1F42D9D2007AC71D /* Entries */ = {
			isa = PBXGroup;
			children = (
				A3E50EFB1F42DA19007AC71D /* Trip+Mapping.swift */,
			);
			name = Entries;
			sourceTree = "<group>";
		};
		DB4D7FF7E3C4A46C0487FEE3 /* Pods */ = {
			isa = PBXGroup;
			children = (
				26777713BC85D988687BE83E /* Pods-Domain.debug.xcconfig */,
				4E80802575C898BEF03B3C4D /* Pods-Domain.release.xcconfig */,
				940A764F780F275F1DC1048F /* Pods-DomainTests.debug.xcconfig */,
				7DD09A050E063F07AA61B491 /* Pods-DomainTests.release.xcconfig */,
				2750DD532D152D9BF0C35742 /* Pods-LogBook.debug.xcconfig */,
				9F68679F84CA79583BD14E87 /* Pods-LogBook.release.xcconfig */,
				49AA16F48A0632651DFB8146 /* Pods-LogBookTests.debug.xcconfig */,
				D283F680509E6F4155ECEA94 /* Pods-LogBookTests.release.xcconfig */,
				B73E462F0D6029EEB340C5AC /* Pods-LogBookUITests.debug.xcconfig */,
				ECBE4143E4F3AD9E91703B55 /* Pods-LogBookUITests.release.xcconfig */,
				C37C991F8138BA637B8D4008 /* Pods-Network.debug.xcconfig */,
				16FF1DF992974E10C93F8368 /* Pods-Network.release.xcconfig */,
			);
			name = Pods;
			sourceTree = "<group>";
		};
/* End PBXGroup section */

/* Begin PBXHeadersBuildPhase section */
		A3056F061F41E83C00A8EED4 /* Headers */ = {
			isa = PBXHeadersBuildPhase;
			buildActionMask = 2147483647;
			files = (
				A3056F1B1F41E83C00A8EED4 /* Network.h in Headers */,
			);
			runOnlyForDeploymentPostprocessing = 0;
		};
		A3A2383E1F41E13E00873C19 /* Headers */ = {
			isa = PBXHeadersBuildPhase;
			buildActionMask = 2147483647;
			files = (
				A3A238531F41E13E00873C19 /* Domain.h in Headers */,
			);
			runOnlyForDeploymentPostprocessing = 0;
		};
/* End PBXHeadersBuildPhase section */

/* Begin PBXNativeTarget section */
		A3056F081F41E83C00A8EED4 /* Network */ = {
			isa = PBXNativeTarget;
			buildConfigurationList = A3056F241F41E83C00A8EED4 /* Build configuration list for PBXNativeTarget "Network" */;
			buildPhases = (
				3A9E977CE5502F91380991C6 /* [CP] Check Pods Manifest.lock */,
				A3056F041F41E83C00A8EED4 /* Sources */,
				A3056F051F41E83C00A8EED4 /* Frameworks */,
				A3056F061F41E83C00A8EED4 /* Headers */,
				A3056F071F41E83C00A8EED4 /* Resources */,
				A12B74B6EE9C8FF909A6862F /* [CP] Copy Pods Resources */,
			);
			buildRules = (
			);
			dependencies = (
			);
			name = Network;
			productName = Network;
			productReference = A3056F091F41E83C00A8EED4 /* Network.framework */;
			productType = "com.apple.product-type.framework";
		};
		A3056F101F41E83C00A8EED4 /* NetworkTests */ = {
			isa = PBXNativeTarget;
			buildConfigurationList = A3056F251F41E83C00A8EED4 /* Build configuration list for PBXNativeTarget "NetworkTests" */;
			buildPhases = (
				A3056F0D1F41E83C00A8EED4 /* Sources */,
				A3056F0E1F41E83C00A8EED4 /* Frameworks */,
				A3056F0F1F41E83C00A8EED4 /* Resources */,
			);
			buildRules = (
			);
			dependencies = (
				A3056F141F41E83C00A8EED4 /* PBXTargetDependency */,
				A3056F161F41E83C00A8EED4 /* PBXTargetDependency */,
			);
			name = NetworkTests;
			productName = NetworkTests;
			productReference = A3056F111F41E83C00A8EED4 /* NetworkTests.xctest */;
			productType = "com.apple.product-type.bundle.unit-test";
		};
		A3A238071F41DFD500873C19 /* LogBook */ = {
			isa = PBXNativeTarget;
			buildConfigurationList = A3A238331F41DFD600873C19 /* Build configuration list for PBXNativeTarget "LogBook" */;
			buildPhases = (
				82F37EE744B61483F9B3C9EF /* [CP] Check Pods Manifest.lock */,
				A3A238041F41DFD500873C19 /* Sources */,
				A3A238051F41DFD500873C19 /* Frameworks */,
				A3A238061F41DFD500873C19 /* Resources */,
				A3A2385B1F41E13E00873C19 /* Embed Frameworks */,
				B1F8DC143ECA9F9E6D1F944C /* [CP] Embed Pods Frameworks */,
				70955A0FE6DD4F71C6FDC1E1 /* [CP] Copy Pods Resources */,
			);
			buildRules = (
			);
			dependencies = (
				A3A238551F41E13E00873C19 /* PBXTargetDependency */,
				A3056F1D1F41E83C00A8EED4 /* PBXTargetDependency */,
			);
			name = LogBook;
			productName = LogBook;
			productReference = A3A238081F41DFD500873C19 /* LogBook.app */;
			productType = "com.apple.product-type.application";
		};
		A3A2381E1F41DFD600873C19 /* LogBookTests */ = {
			isa = PBXNativeTarget;
			buildConfigurationList = A3A238361F41DFD600873C19 /* Build configuration list for PBXNativeTarget "LogBookTests" */;
			buildPhases = (
				C1FB77001E4CB1F4ED9FBF1E /* [CP] Check Pods Manifest.lock */,
				A3A2381B1F41DFD600873C19 /* Sources */,
				A3A2381C1F41DFD600873C19 /* Frameworks */,
				A3A2381D1F41DFD600873C19 /* Resources */,
				9EC9422EEE8D7DF4CAFF81E8 /* [CP] Embed Pods Frameworks */,
				EA335C6C64681CC352480DAE /* [CP] Copy Pods Resources */,
			);
			buildRules = (
			);
			dependencies = (
				A3A238211F41DFD600873C19 /* PBXTargetDependency */,
			);
			name = LogBookTests;
			productName = LogBookTests;
			productReference = A3A2381F1F41DFD600873C19 /* LogBookTests.xctest */;
			productType = "com.apple.product-type.bundle.unit-test";
		};
		A3A238291F41DFD600873C19 /* LogBookUITests */ = {
			isa = PBXNativeTarget;
			buildConfigurationList = A3A238391F41DFD600873C19 /* Build configuration list for PBXNativeTarget "LogBookUITests" */;
			buildPhases = (
				2E4C1F6D1D5D8ACA1E7F1D61 /* [CP] Check Pods Manifest.lock */,
				A3A238261F41DFD600873C19 /* Sources */,
				A3A238271F41DFD600873C19 /* Frameworks */,
				A3A238281F41DFD600873C19 /* Resources */,
				4D9D27FDE9EFBE0ECB7F817C /* [CP] Embed Pods Frameworks */,
				AA2F2177F6F72498FAA8EF28 /* [CP] Copy Pods Resources */,
			);
			buildRules = (
			);
			dependencies = (
				A3A2382C1F41DFD600873C19 /* PBXTargetDependency */,
			);
			name = LogBookUITests;
			productName = LogBookUITests;
			productReference = A3A2382A1F41DFD600873C19 /* LogBookUITests.xctest */;
			productType = "com.apple.product-type.bundle.ui-testing";
		};
		A3A238401F41E13E00873C19 /* Domain */ = {
			isa = PBXNativeTarget;
			buildConfigurationList = A3A238581F41E13E00873C19 /* Build configuration list for PBXNativeTarget "Domain" */;
			buildPhases = (
				C4F2DBF6477A763DBF5C18E8 /* [CP] Check Pods Manifest.lock */,
				A3A2383C1F41E13E00873C19 /* Sources */,
				A3A2383D1F41E13E00873C19 /* Frameworks */,
				A3A2383E1F41E13E00873C19 /* Headers */,
				A3A2383F1F41E13E00873C19 /* Resources */,
				429699E4720A1D464DFDF766 /* [CP] Copy Pods Resources */,
			);
			buildRules = (
			);
			dependencies = (
			);
			name = Domain;
			productName = Domain;
			productReference = A3A238411F41E13E00873C19 /* Domain.framework */;
			productType = "com.apple.product-type.framework";
		};
		A3A238481F41E13E00873C19 /* DomainTests */ = {
			isa = PBXNativeTarget;
			buildConfigurationList = A3A2385C1F41E13E00873C19 /* Build configuration list for PBXNativeTarget "DomainTests" */;
			buildPhases = (
				244C5C32046F2C56775C6FBB /* [CP] Check Pods Manifest.lock */,
				A3A238451F41E13E00873C19 /* Sources */,
				A3A238461F41E13E00873C19 /* Frameworks */,
				A3A238471F41E13E00873C19 /* Resources */,
				3C8B8C39311E1045DE95532F /* [CP] Embed Pods Frameworks */,
				4A6BBCAF4A2A21FA47A01095 /* [CP] Copy Pods Resources */,
			);
			buildRules = (
			);
			dependencies = (
				A3A2384C1F41E13E00873C19 /* PBXTargetDependency */,
				A3A2384E1F41E13E00873C19 /* PBXTargetDependency */,
			);
			name = DomainTests;
			productName = DomainTests;
			productReference = A3A238491F41E13E00873C19 /* DomainTests.xctest */;
			productType = "com.apple.product-type.bundle.unit-test";
		};
/* End PBXNativeTarget section */

/* Begin PBXProject section */
		A3A238001F41DFD500873C19 /* Project object */ = {
			isa = PBXProject;
			attributes = {
				LastSwiftUpdateCheck = 0830;
				LastUpgradeCheck = 0830;
				ORGANIZATIONNAME = Tshepo;
				TargetAttributes = {
					A3056F081F41E83C00A8EED4 = {
						CreatedOnToolsVersion = 8.3.1;
						DevelopmentTeam = 8J6J3HJ5T5;
						LastSwiftMigration = 0830;
						ProvisioningStyle = Automatic;
					};
					A3056F101F41E83C00A8EED4 = {
						CreatedOnToolsVersion = 8.3.1;
						DevelopmentTeam = 8J6J3HJ5T5;
						ProvisioningStyle = Automatic;
						TestTargetID = A3A238071F41DFD500873C19;
					};
					A3A238071F41DFD500873C19 = {
						CreatedOnToolsVersion = 8.3.1;
						DevelopmentTeam = 8J6J3HJ5T5;
						ProvisioningStyle = Automatic;
						SystemCapabilities = {
							com.apple.Maps.iOS = {
								enabled = 1;
							};
						};
					};
					A3A2381E1F41DFD600873C19 = {
						CreatedOnToolsVersion = 8.3.1;
						DevelopmentTeam = 8J6J3HJ5T5;
						ProvisioningStyle = Automatic;
						TestTargetID = A3A238071F41DFD500873C19;
					};
					A3A238291F41DFD600873C19 = {
						CreatedOnToolsVersion = 8.3.1;
						DevelopmentTeam = 8J6J3HJ5T5;
						ProvisioningStyle = Automatic;
						TestTargetID = A3A238071F41DFD500873C19;
					};
					A3A238401F41E13E00873C19 = {
						CreatedOnToolsVersion = 8.3.1;
						DevelopmentTeam = 8J6J3HJ5T5;
						LastSwiftMigration = 0830;
						ProvisioningStyle = Automatic;
					};
					A3A238481F41E13E00873C19 = {
						CreatedOnToolsVersion = 8.3.1;
						DevelopmentTeam = 8J6J3HJ5T5;
						ProvisioningStyle = Automatic;
						TestTargetID = A3A238071F41DFD500873C19;
					};
				};
			};
			buildConfigurationList = A3A238031F41DFD500873C19 /* Build configuration list for PBXProject "LogBook" */;
			compatibilityVersion = "Xcode 3.2";
			developmentRegion = English;
			hasScannedForEncodings = 0;
			knownRegions = (
				en,
				Base,
			);
			mainGroup = A3A237FF1F41DFD500873C19;
			productRefGroup = A3A238091F41DFD500873C19 /* Products */;
			projectDirPath = "";
			projectRoot = "";
			targets = (
				A3A238071F41DFD500873C19 /* LogBook */,
				A3A2381E1F41DFD600873C19 /* LogBookTests */,
				A3A238291F41DFD600873C19 /* LogBookUITests */,
				A3A238401F41E13E00873C19 /* Domain */,
				A3A238481F41E13E00873C19 /* DomainTests */,
				A3056F081F41E83C00A8EED4 /* Network */,
				A3056F101F41E83C00A8EED4 /* NetworkTests */,
			);
		};
/* End PBXProject section */

/* Begin PBXResourcesBuildPhase section */
		A3056F071F41E83C00A8EED4 /* Resources */ = {
			isa = PBXResourcesBuildPhase;
			buildActionMask = 2147483647;
			files = (
			);
			runOnlyForDeploymentPostprocessing = 0;
		};
		A3056F0F1F41E83C00A8EED4 /* Resources */ = {
			isa = PBXResourcesBuildPhase;
			buildActionMask = 2147483647;
			files = (
			);
			runOnlyForDeploymentPostprocessing = 0;
		};
		A3A238061F41DFD500873C19 /* Resources */ = {
			isa = PBXResourcesBuildPhase;
			buildActionMask = 2147483647;
			files = (
				A3A238191F41DFD600873C19 /* LaunchScreen.storyboard in Resources */,
				A3E50EFE1F42F623007AC71D /* GoogleService-Info.plist in Resources */,
				A3A238161F41DFD600873C19 /* Assets.xcassets in Resources */,
				A3A238111F41DFD600873C19 /* Main.storyboard in Resources */,
			);
			runOnlyForDeploymentPostprocessing = 0;
		};
		A3A2381D1F41DFD600873C19 /* Resources */ = {
			isa = PBXResourcesBuildPhase;
			buildActionMask = 2147483647;
			files = (
			);
			runOnlyForDeploymentPostprocessing = 0;
		};
		A3A238281F41DFD600873C19 /* Resources */ = {
			isa = PBXResourcesBuildPhase;
			buildActionMask = 2147483647;
			files = (
			);
			runOnlyForDeploymentPostprocessing = 0;
		};
		A3A2383F1F41E13E00873C19 /* Resources */ = {
			isa = PBXResourcesBuildPhase;
			buildActionMask = 2147483647;
			files = (
			);
			runOnlyForDeploymentPostprocessing = 0;
		};
		A3A238471F41E13E00873C19 /* Resources */ = {
			isa = PBXResourcesBuildPhase;
			buildActionMask = 2147483647;
			files = (
			);
			runOnlyForDeploymentPostprocessing = 0;
		};
/* End PBXResourcesBuildPhase section */

/* Begin PBXShellScriptBuildPhase section */
		244C5C32046F2C56775C6FBB /* [CP] Check Pods Manifest.lock */ = {
			isa = PBXShellScriptBuildPhase;
			buildActionMask = 2147483647;
			files = (
			);
			inputPaths = (
			);
			name = "[CP] Check Pods Manifest.lock";
			outputPaths = (
			);
			runOnlyForDeploymentPostprocessing = 0;
			shellPath = /bin/sh;
			shellScript = "diff \"${PODS_ROOT}/../Podfile.lock\" \"${PODS_ROOT}/Manifest.lock\" > /dev/null\nif [ $? != 0 ] ; then\n    # print error to STDERR\n    echo \"error: The sandbox is not in sync with the Podfile.lock. Run 'pod install' or update your CocoaPods installation.\" >&2\n    exit 1\nfi\n";
			showEnvVarsInLog = 0;
		};
		2E4C1F6D1D5D8ACA1E7F1D61 /* [CP] Check Pods Manifest.lock */ = {
			isa = PBXShellScriptBuildPhase;
			buildActionMask = 2147483647;
			files = (
			);
			inputPaths = (
			);
			name = "[CP] Check Pods Manifest.lock";
			outputPaths = (
			);
			runOnlyForDeploymentPostprocessing = 0;
			shellPath = /bin/sh;
			shellScript = "diff \"${PODS_ROOT}/../Podfile.lock\" \"${PODS_ROOT}/Manifest.lock\" > /dev/null\nif [ $? != 0 ] ; then\n    # print error to STDERR\n    echo \"error: The sandbox is not in sync with the Podfile.lock. Run 'pod install' or update your CocoaPods installation.\" >&2\n    exit 1\nfi\n";
			showEnvVarsInLog = 0;
		};
		3A9E977CE5502F91380991C6 /* [CP] Check Pods Manifest.lock */ = {
			isa = PBXShellScriptBuildPhase;
			buildActionMask = 2147483647;
			files = (
			);
			inputPaths = (
			);
			name = "[CP] Check Pods Manifest.lock";
			outputPaths = (
			);
			runOnlyForDeploymentPostprocessing = 0;
			shellPath = /bin/sh;
			shellScript = "diff \"${PODS_ROOT}/../Podfile.lock\" \"${PODS_ROOT}/Manifest.lock\" > /dev/null\nif [ $? != 0 ] ; then\n    # print error to STDERR\n    echo \"error: The sandbox is not in sync with the Podfile.lock. Run 'pod install' or update your CocoaPods installation.\" >&2\n    exit 1\nfi\n";
			showEnvVarsInLog = 0;
		};
		3C8B8C39311E1045DE95532F /* [CP] Embed Pods Frameworks */ = {
			isa = PBXShellScriptBuildPhase;
			buildActionMask = 2147483647;
			files = (
			);
			inputPaths = (
			);
			name = "[CP] Embed Pods Frameworks";
			outputPaths = (
			);
			runOnlyForDeploymentPostprocessing = 0;
			shellPath = /bin/sh;
			shellScript = "\"${SRCROOT}/Pods/Target Support Files/Pods-DomainTests/Pods-DomainTests-frameworks.sh\"\n";
			showEnvVarsInLog = 0;
		};
		429699E4720A1D464DFDF766 /* [CP] Copy Pods Resources */ = {
			isa = PBXShellScriptBuildPhase;
			buildActionMask = 2147483647;
			files = (
			);
			inputPaths = (
			);
			name = "[CP] Copy Pods Resources";
			outputPaths = (
			);
			runOnlyForDeploymentPostprocessing = 0;
			shellPath = /bin/sh;
			shellScript = "\"${SRCROOT}/Pods/Target Support Files/Pods-Domain/Pods-Domain-resources.sh\"\n";
			showEnvVarsInLog = 0;
		};
		4A6BBCAF4A2A21FA47A01095 /* [CP] Copy Pods Resources */ = {
			isa = PBXShellScriptBuildPhase;
			buildActionMask = 2147483647;
			files = (
			);
			inputPaths = (
			);
			name = "[CP] Copy Pods Resources";
			outputPaths = (
			);
			runOnlyForDeploymentPostprocessing = 0;
			shellPath = /bin/sh;
			shellScript = "\"${SRCROOT}/Pods/Target Support Files/Pods-DomainTests/Pods-DomainTests-resources.sh\"\n";
			showEnvVarsInLog = 0;
		};
		4D9D27FDE9EFBE0ECB7F817C /* [CP] Embed Pods Frameworks */ = {
			isa = PBXShellScriptBuildPhase;
			buildActionMask = 2147483647;
			files = (
			);
			inputPaths = (
			);
			name = "[CP] Embed Pods Frameworks";
			outputPaths = (
			);
			runOnlyForDeploymentPostprocessing = 0;
			shellPath = /bin/sh;
			shellScript = "\"${SRCROOT}/Pods/Target Support Files/Pods-LogBookUITests/Pods-LogBookUITests-frameworks.sh\"\n";
			showEnvVarsInLog = 0;
		};
		70955A0FE6DD4F71C6FDC1E1 /* [CP] Copy Pods Resources */ = {
			isa = PBXShellScriptBuildPhase;
			buildActionMask = 2147483647;
			files = (
			);
			inputPaths = (
			);
			name = "[CP] Copy Pods Resources";
			outputPaths = (
			);
			runOnlyForDeploymentPostprocessing = 0;
			shellPath = /bin/sh;
			shellScript = "\"${SRCROOT}/Pods/Target Support Files/Pods-LogBook/Pods-LogBook-resources.sh\"\n";
			showEnvVarsInLog = 0;
		};
		82F37EE744B61483F9B3C9EF /* [CP] Check Pods Manifest.lock */ = {
			isa = PBXShellScriptBuildPhase;
			buildActionMask = 2147483647;
			files = (
			);
			inputPaths = (
			);
			name = "[CP] Check Pods Manifest.lock";
			outputPaths = (
			);
			runOnlyForDeploymentPostprocessing = 0;
			shellPath = /bin/sh;
			shellScript = "diff \"${PODS_ROOT}/../Podfile.lock\" \"${PODS_ROOT}/Manifest.lock\" > /dev/null\nif [ $? != 0 ] ; then\n    # print error to STDERR\n    echo \"error: The sandbox is not in sync with the Podfile.lock. Run 'pod install' or update your CocoaPods installation.\" >&2\n    exit 1\nfi\n";
			showEnvVarsInLog = 0;
		};
		9EC9422EEE8D7DF4CAFF81E8 /* [CP] Embed Pods Frameworks */ = {
			isa = PBXShellScriptBuildPhase;
			buildActionMask = 2147483647;
			files = (
			);
			inputPaths = (
			);
			name = "[CP] Embed Pods Frameworks";
			outputPaths = (
			);
			runOnlyForDeploymentPostprocessing = 0;
			shellPath = /bin/sh;
			shellScript = "\"${SRCROOT}/Pods/Target Support Files/Pods-LogBookTests/Pods-LogBookTests-frameworks.sh\"\n";
			showEnvVarsInLog = 0;
		};
		A12B74B6EE9C8FF909A6862F /* [CP] Copy Pods Resources */ = {
			isa = PBXShellScriptBuildPhase;
			buildActionMask = 2147483647;
			files = (
			);
			inputPaths = (
			);
			name = "[CP] Copy Pods Resources";
			outputPaths = (
			);
			runOnlyForDeploymentPostprocessing = 0;
			shellPath = /bin/sh;
			shellScript = "\"${SRCROOT}/Pods/Target Support Files/Pods-Network/Pods-Network-resources.sh\"\n";
			showEnvVarsInLog = 0;
		};
		AA2F2177F6F72498FAA8EF28 /* [CP] Copy Pods Resources */ = {
			isa = PBXShellScriptBuildPhase;
			buildActionMask = 2147483647;
			files = (
			);
			inputPaths = (
			);
			name = "[CP] Copy Pods Resources";
			outputPaths = (
			);
			runOnlyForDeploymentPostprocessing = 0;
			shellPath = /bin/sh;
			shellScript = "\"${SRCROOT}/Pods/Target Support Files/Pods-LogBookUITests/Pods-LogBookUITests-resources.sh\"\n";
			showEnvVarsInLog = 0;
		};
		B1F8DC143ECA9F9E6D1F944C /* [CP] Embed Pods Frameworks */ = {
			isa = PBXShellScriptBuildPhase;
			buildActionMask = 2147483647;
			files = (
			);
			inputPaths = (
			);
			name = "[CP] Embed Pods Frameworks";
			outputPaths = (
			);
			runOnlyForDeploymentPostprocessing = 0;
			shellPath = /bin/sh;
			shellScript = "\"${SRCROOT}/Pods/Target Support Files/Pods-LogBook/Pods-LogBook-frameworks.sh\"\n";
			showEnvVarsInLog = 0;
		};
		C1FB77001E4CB1F4ED9FBF1E /* [CP] Check Pods Manifest.lock */ = {
			isa = PBXShellScriptBuildPhase;
			buildActionMask = 2147483647;
			files = (
			);
			inputPaths = (
			);
			name = "[CP] Check Pods Manifest.lock";
			outputPaths = (
			);
			runOnlyForDeploymentPostprocessing = 0;
			shellPath = /bin/sh;
			shellScript = "diff \"${PODS_ROOT}/../Podfile.lock\" \"${PODS_ROOT}/Manifest.lock\" > /dev/null\nif [ $? != 0 ] ; then\n    # print error to STDERR\n    echo \"error: The sandbox is not in sync with the Podfile.lock. Run 'pod install' or update your CocoaPods installation.\" >&2\n    exit 1\nfi\n";
			showEnvVarsInLog = 0;
		};
		C4F2DBF6477A763DBF5C18E8 /* [CP] Check Pods Manifest.lock */ = {
			isa = PBXShellScriptBuildPhase;
			buildActionMask = 2147483647;
			files = (
			);
			inputPaths = (
			);
			name = "[CP] Check Pods Manifest.lock";
			outputPaths = (
			);
			runOnlyForDeploymentPostprocessing = 0;
			shellPath = /bin/sh;
			shellScript = "diff \"${PODS_ROOT}/../Podfile.lock\" \"${PODS_ROOT}/Manifest.lock\" > /dev/null\nif [ $? != 0 ] ; then\n    # print error to STDERR\n    echo \"error: The sandbox is not in sync with the Podfile.lock. Run 'pod install' or update your CocoaPods installation.\" >&2\n    exit 1\nfi\n";
			showEnvVarsInLog = 0;
		};
		EA335C6C64681CC352480DAE /* [CP] Copy Pods Resources */ = {
			isa = PBXShellScriptBuildPhase;
			buildActionMask = 2147483647;
			files = (
			);
			inputPaths = (
			);
			name = "[CP] Copy Pods Resources";
			outputPaths = (
			);
			runOnlyForDeploymentPostprocessing = 0;
			shellPath = /bin/sh;
			shellScript = "\"${SRCROOT}/Pods/Target Support Files/Pods-LogBookTests/Pods-LogBookTests-resources.sh\"\n";
			showEnvVarsInLog = 0;
		};
/* End PBXShellScriptBuildPhase section */

/* Begin PBXSourcesBuildPhase section */
		A3056F041F41E83C00A8EED4 /* Sources */ = {
			isa = PBXSourcesBuildPhase;
			buildActionMask = 2147483647;
			files = (
				A3056F2C1F41EA7700A8EED4 /* Network.swift in Sources */,
				A3056F311F41EAE700A8EED4 /* TripsNetwork.swift in Sources */,
				A3056F291F41E93F00A8EED4 /* UseCaseProvider.swift in Sources */,
				A3056F2E1F41EA8300A8EED4 /* NetworkProvider.swift in Sources */,
				A3E50EFC1F42DA19007AC71D /* Trip+Mapping.swift in Sources */,
			);
			runOnlyForDeploymentPostprocessing = 0;
		};
		A3056F0D1F41E83C00A8EED4 /* Sources */ = {
			isa = PBXSourcesBuildPhase;
			buildActionMask = 2147483647;
			files = (
				A3056F191F41E83C00A8EED4 /* NetworkTests.swift in Sources */,
			);
			runOnlyForDeploymentPostprocessing = 0;
		};
		A3A238041F41DFD500873C19 /* Sources */ = {
			isa = PBXSourcesBuildPhase;
			buildActionMask = 2147483647;
			files = (
				A3718C0F1F41F421002D1FA1 /* Application.swift in Sources */,
				A3A238141F41DFD600873C19 /* LogBook.xcdatamodeld in Sources */,
				A39E00FB1F45B26200FC9AE8 /* RxFirebase.swift in Sources */,
				A3E50EF91F42D07A007AC71D /* LogInViewController.swift in Sources */,
				A3718C0B1F41F396002D1FA1 /* ErrorTracker.swift in Sources */,
				A3718C0A1F41F396002D1FA1 /* ActivityIndicator.swift in Sources */,
				A3056F361F41F11200A8EED4 /* UserDetailsNavigator.swift in Sources */,
				A3E50EF71F42D034007AC71D /* SignUpController.swift in Sources */,
				A358DCFA1F4D86CC009E320B /* PersonIcon.swift in Sources */,
				A39E00FD1F45BB7800FC9AE8 /* MainInterfaceNavigator.swift in Sources */,
				A3718C0D1F41F396002D1FA1 /* Reusable.swift in Sources */,
				A3A2380E1F41DFD600873C19 /* ViewController.swift in Sources */,
				A3718C0C1F41F396002D1FA1 /* Observable+Ext.swift in Sources */,
				A3A2380C1F41DFD500873C19 /* AppDelegate.swift in Sources */,
				A39E00FF1F45CC8700FC9AE8 /* MapViewController.swift in Sources */,
			);
			runOnlyForDeploymentPostprocessing = 0;
		};
		A3A2381B1F41DFD600873C19 /* Sources */ = {
			isa = PBXSourcesBuildPhase;
			buildActionMask = 2147483647;
			files = (
				A3A238241F41DFD600873C19 /* LogBookTests.swift in Sources */,
			);
			runOnlyForDeploymentPostprocessing = 0;
		};
		A3A238261F41DFD600873C19 /* Sources */ = {
			isa = PBXSourcesBuildPhase;
			buildActionMask = 2147483647;
			files = (
				A3A2382F1F41DFD600873C19 /* LogBookUITests.swift in Sources */,
			);
			runOnlyForDeploymentPostprocessing = 0;
		};
		A3A2383C1F41E13E00873C19 /* Sources */ = {
			isa = PBXSourcesBuildPhase;
			buildActionMask = 2147483647;
			files = (
				A302E5F21F41E63F007128AD /* AllTripsUseCase.swift in Sources */,
				A302E5F01F41E60E007128AD /* UseCaseProvider.swift in Sources */,
				A3A238611F41E22A00873C19 /* Trip.swift in Sources */,
			);
			runOnlyForDeploymentPostprocessing = 0;
		};
		A3A238451F41E13E00873C19 /* Sources */ = {
			isa = PBXSourcesBuildPhase;
			buildActionMask = 2147483647;
			files = (
				A3A238511F41E13E00873C19 /* DomainTests.swift in Sources */,
			);
			runOnlyForDeploymentPostprocessing = 0;
		};
/* End PBXSourcesBuildPhase section */

/* Begin PBXTargetDependency section */
		A3056F141F41E83C00A8EED4 /* PBXTargetDependency */ = {
			isa = PBXTargetDependency;
			target = A3056F081F41E83C00A8EED4 /* Network */;
			targetProxy = A3056F131F41E83C00A8EED4 /* PBXContainerItemProxy */;
		};
		A3056F161F41E83C00A8EED4 /* PBXTargetDependency */ = {
			isa = PBXTargetDependency;
			target = A3A238071F41DFD500873C19 /* LogBook */;
			targetProxy = A3056F151F41E83C00A8EED4 /* PBXContainerItemProxy */;
		};
		A3056F1D1F41E83C00A8EED4 /* PBXTargetDependency */ = {
			isa = PBXTargetDependency;
			target = A3056F081F41E83C00A8EED4 /* Network */;
			targetProxy = A3056F1C1F41E83C00A8EED4 /* PBXContainerItemProxy */;
		};
		A3A238211F41DFD600873C19 /* PBXTargetDependency */ = {
			isa = PBXTargetDependency;
			target = A3A238071F41DFD500873C19 /* LogBook */;
			targetProxy = A3A238201F41DFD600873C19 /* PBXContainerItemProxy */;
		};
		A3A2382C1F41DFD600873C19 /* PBXTargetDependency */ = {
			isa = PBXTargetDependency;
			target = A3A238071F41DFD500873C19 /* LogBook */;
			targetProxy = A3A2382B1F41DFD600873C19 /* PBXContainerItemProxy */;
		};
		A3A2384C1F41E13E00873C19 /* PBXTargetDependency */ = {
			isa = PBXTargetDependency;
			target = A3A238401F41E13E00873C19 /* Domain */;
			targetProxy = A3A2384B1F41E13E00873C19 /* PBXContainerItemProxy */;
		};
		A3A2384E1F41E13E00873C19 /* PBXTargetDependency */ = {
			isa = PBXTargetDependency;
			target = A3A238071F41DFD500873C19 /* LogBook */;
			targetProxy = A3A2384D1F41E13E00873C19 /* PBXContainerItemProxy */;
		};
		A3A238551F41E13E00873C19 /* PBXTargetDependency */ = {
			isa = PBXTargetDependency;
			target = A3A238401F41E13E00873C19 /* Domain */;
			targetProxy = A3A238541F41E13E00873C19 /* PBXContainerItemProxy */;
		};
/* End PBXTargetDependency section */

/* Begin PBXVariantGroup section */
		A3A2380F1F41DFD600873C19 /* Main.storyboard */ = {
			isa = PBXVariantGroup;
			children = (
				A3A238101F41DFD600873C19 /* Base */,
			);
			name = Main.storyboard;
			sourceTree = "<group>";
		};
		A3A238171F41DFD600873C19 /* LaunchScreen.storyboard */ = {
			isa = PBXVariantGroup;
			children = (
				A3A238181F41DFD600873C19 /* Base */,
			);
			name = LaunchScreen.storyboard;
			sourceTree = "<group>";
		};
/* End PBXVariantGroup section */

/* Begin XCBuildConfiguration section */
		A3056F201F41E83C00A8EED4 /* Debug */ = {
			isa = XCBuildConfiguration;
			baseConfigurationReference = C37C991F8138BA637B8D4008 /* Pods-Network.debug.xcconfig */;
			buildSettings = {
				CLANG_ENABLE_MODULES = YES;
				CODE_SIGN_IDENTITY = "";
				CURRENT_PROJECT_VERSION = 1;
				DEFINES_MODULE = YES;
				DEVELOPMENT_TEAM = 8J6J3HJ5T5;
				DYLIB_COMPATIBILITY_VERSION = 1;
				DYLIB_CURRENT_VERSION = 1;
				DYLIB_INSTALL_NAME_BASE = "@rpath";
				INFOPLIST_FILE = Network/Info.plist;
				INSTALL_PATH = "$(LOCAL_LIBRARY_DIR)/Frameworks";
				LD_RUNPATH_SEARCH_PATHS = "$(inherited) @executable_path/Frameworks @loader_path/Frameworks";
				PRODUCT_BUNDLE_IDENTIFIER = co.za.applord.Network;
				PRODUCT_NAME = "$(TARGET_NAME)";
				SKIP_INSTALL = YES;
				SWIFT_OPTIMIZATION_LEVEL = "-Onone";
				SWIFT_VERSION = 3.0;
				TARGETED_DEVICE_FAMILY = "1,2";
				VERSIONING_SYSTEM = "apple-generic";
				VERSION_INFO_PREFIX = "";
			};
			name = Debug;
		};
		A3056F211F41E83C00A8EED4 /* Release */ = {
			isa = XCBuildConfiguration;
			baseConfigurationReference = 16FF1DF992974E10C93F8368 /* Pods-Network.release.xcconfig */;
			buildSettings = {
				CLANG_ENABLE_MODULES = YES;
				CODE_SIGN_IDENTITY = "";
				CURRENT_PROJECT_VERSION = 1;
				DEFINES_MODULE = YES;
				DEVELOPMENT_TEAM = 8J6J3HJ5T5;
				DYLIB_COMPATIBILITY_VERSION = 1;
				DYLIB_CURRENT_VERSION = 1;
				DYLIB_INSTALL_NAME_BASE = "@rpath";
				INFOPLIST_FILE = Network/Info.plist;
				INSTALL_PATH = "$(LOCAL_LIBRARY_DIR)/Frameworks";
				LD_RUNPATH_SEARCH_PATHS = "$(inherited) @executable_path/Frameworks @loader_path/Frameworks";
				PRODUCT_BUNDLE_IDENTIFIER = co.za.applord.Network;
				PRODUCT_NAME = "$(TARGET_NAME)";
				SKIP_INSTALL = YES;
				SWIFT_VERSION = 3.0;
				TARGETED_DEVICE_FAMILY = "1,2";
				VERSIONING_SYSTEM = "apple-generic";
				VERSION_INFO_PREFIX = "";
			};
			name = Release;
		};
		A3056F221F41E83C00A8EED4 /* Debug */ = {
			isa = XCBuildConfiguration;
			buildSettings = {
				ALWAYS_EMBED_SWIFT_STANDARD_LIBRARIES = YES;
				DEVELOPMENT_TEAM = 8J6J3HJ5T5;
				INFOPLIST_FILE = NetworkTests/Info.plist;
				LD_RUNPATH_SEARCH_PATHS = "$(inherited) @executable_path/Frameworks @loader_path/Frameworks";
				PRODUCT_BUNDLE_IDENTIFIER = co.za.applord.NetworkTests;
				PRODUCT_NAME = "$(TARGET_NAME)";
				SWIFT_VERSION = 3.0;
				TEST_HOST = "$(BUILT_PRODUCTS_DIR)/LogBook.app/LogBook";
			};
			name = Debug;
		};
		A3056F231F41E83C00A8EED4 /* Release */ = {
			isa = XCBuildConfiguration;
			buildSettings = {
				ALWAYS_EMBED_SWIFT_STANDARD_LIBRARIES = YES;
				DEVELOPMENT_TEAM = 8J6J3HJ5T5;
				INFOPLIST_FILE = NetworkTests/Info.plist;
				LD_RUNPATH_SEARCH_PATHS = "$(inherited) @executable_path/Frameworks @loader_path/Frameworks";
				PRODUCT_BUNDLE_IDENTIFIER = co.za.applord.NetworkTests;
				PRODUCT_NAME = "$(TARGET_NAME)";
				SWIFT_VERSION = 3.0;
				TEST_HOST = "$(BUILT_PRODUCTS_DIR)/LogBook.app/LogBook";
			};
			name = Release;
		};
		A3A238311F41DFD600873C19 /* Debug */ = {
			isa = XCBuildConfiguration;
			buildSettings = {
				ALWAYS_SEARCH_USER_PATHS = NO;
				CLANG_ANALYZER_NONNULL = YES;
				CLANG_ANALYZER_NUMBER_OBJECT_CONVERSION = YES_AGGRESSIVE;
				CLANG_CXX_LANGUAGE_STANDARD = "gnu++0x";
				CLANG_CXX_LIBRARY = "libc++";
				CLANG_ENABLE_MODULES = YES;
				CLANG_ENABLE_OBJC_ARC = YES;
				CLANG_WARN_BOOL_CONVERSION = YES;
				CLANG_WARN_CONSTANT_CONVERSION = YES;
				CLANG_WARN_DIRECT_OBJC_ISA_USAGE = YES_ERROR;
				CLANG_WARN_DOCUMENTATION_COMMENTS = YES;
				CLANG_WARN_EMPTY_BODY = YES;
				CLANG_WARN_ENUM_CONVERSION = YES;
				CLANG_WARN_INFINITE_RECURSION = YES;
				CLANG_WARN_INT_CONVERSION = YES;
				CLANG_WARN_OBJC_ROOT_CLASS = YES_ERROR;
				CLANG_WARN_SUSPICIOUS_MOVE = YES;
				CLANG_WARN_UNREACHABLE_CODE = YES;
				CLANG_WARN__DUPLICATE_METHOD_MATCH = YES;
				"CODE_SIGN_IDENTITY[sdk=iphoneos*]" = "iPhone Developer";
				COPY_PHASE_STRIP = NO;
				DEBUG_INFORMATION_FORMAT = dwarf;
				ENABLE_STRICT_OBJC_MSGSEND = YES;
				ENABLE_TESTABILITY = YES;
				GCC_C_LANGUAGE_STANDARD = gnu99;
				GCC_DYNAMIC_NO_PIC = NO;
				GCC_NO_COMMON_BLOCKS = YES;
				GCC_OPTIMIZATION_LEVEL = 0;
				GCC_PREPROCESSOR_DEFINITIONS = (
					"DEBUG=1",
					"$(inherited)",
				);
				GCC_WARN_64_TO_32_BIT_CONVERSION = YES;
				GCC_WARN_ABOUT_RETURN_TYPE = YES_ERROR;
				GCC_WARN_UNDECLARED_SELECTOR = YES;
				GCC_WARN_UNINITIALIZED_AUTOS = YES_AGGRESSIVE;
				GCC_WARN_UNUSED_FUNCTION = YES;
				GCC_WARN_UNUSED_VARIABLE = YES;
				IPHONEOS_DEPLOYMENT_TARGET = 10.3;
				MTL_ENABLE_DEBUG_INFO = YES;
				ONLY_ACTIVE_ARCH = YES;
				SDKROOT = iphoneos;
				SWIFT_ACTIVE_COMPILATION_CONDITIONS = DEBUG;
				SWIFT_OPTIMIZATION_LEVEL = "-Onone";
			};
			name = Debug;
		};
		A3A238321F41DFD600873C19 /* Release */ = {
			isa = XCBuildConfiguration;
			buildSettings = {
				ALWAYS_SEARCH_USER_PATHS = NO;
				CLANG_ANALYZER_NONNULL = YES;
				CLANG_ANALYZER_NUMBER_OBJECT_CONVERSION = YES_AGGRESSIVE;
				CLANG_CXX_LANGUAGE_STANDARD = "gnu++0x";
				CLANG_CXX_LIBRARY = "libc++";
				CLANG_ENABLE_MODULES = YES;
				CLANG_ENABLE_OBJC_ARC = YES;
				CLANG_WARN_BOOL_CONVERSION = YES;
				CLANG_WARN_CONSTANT_CONVERSION = YES;
				CLANG_WARN_DIRECT_OBJC_ISA_USAGE = YES_ERROR;
				CLANG_WARN_DOCUMENTATION_COMMENTS = YES;
				CLANG_WARN_EMPTY_BODY = YES;
				CLANG_WARN_ENUM_CONVERSION = YES;
				CLANG_WARN_INFINITE_RECURSION = YES;
				CLANG_WARN_INT_CONVERSION = YES;
				CLANG_WARN_OBJC_ROOT_CLASS = YES_ERROR;
				CLANG_WARN_SUSPICIOUS_MOVE = YES;
				CLANG_WARN_UNREACHABLE_CODE = YES;
				CLANG_WARN__DUPLICATE_METHOD_MATCH = YES;
				"CODE_SIGN_IDENTITY[sdk=iphoneos*]" = "iPhone Developer";
				COPY_PHASE_STRIP = NO;
				DEBUG_INFORMATION_FORMAT = "dwarf-with-dsym";
				ENABLE_NS_ASSERTIONS = NO;
				ENABLE_STRICT_OBJC_MSGSEND = YES;
				GCC_C_LANGUAGE_STANDARD = gnu99;
				GCC_NO_COMMON_BLOCKS = YES;
				GCC_WARN_64_TO_32_BIT_CONVERSION = YES;
				GCC_WARN_ABOUT_RETURN_TYPE = YES_ERROR;
				GCC_WARN_UNDECLARED_SELECTOR = YES;
				GCC_WARN_UNINITIALIZED_AUTOS = YES_AGGRESSIVE;
				GCC_WARN_UNUSED_FUNCTION = YES;
				GCC_WARN_UNUSED_VARIABLE = YES;
				IPHONEOS_DEPLOYMENT_TARGET = 10.3;
				MTL_ENABLE_DEBUG_INFO = NO;
				SDKROOT = iphoneos;
				SWIFT_OPTIMIZATION_LEVEL = "-Owholemodule";
				VALIDATE_PRODUCT = YES;
			};
			name = Release;
		};
		A3A238341F41DFD600873C19 /* Debug */ = {
			isa = XCBuildConfiguration;
			baseConfigurationReference = 2750DD532D152D9BF0C35742 /* Pods-LogBook.debug.xcconfig */;
			buildSettings = {
				ALWAYS_EMBED_SWIFT_STANDARD_LIBRARIES = YES;
				ASSETCATALOG_COMPILER_APPICON_NAME = AppIcon;
				DEVELOPMENT_TEAM = 8J6J3HJ5T5;
				INFOPLIST_FILE = LogBook/Info.plist;
				LD_RUNPATH_SEARCH_PATHS = "$(inherited) @executable_path/Frameworks";
				PRODUCT_BUNDLE_IDENTIFIER = co.za.applord.LogBook;
				PRODUCT_NAME = "$(TARGET_NAME)";
				SWIFT_VERSION = 3.0;
			};
			name = Debug;
		};
		A3A238351F41DFD600873C19 /* Release */ = {
			isa = XCBuildConfiguration;
			baseConfigurationReference = 9F68679F84CA79583BD14E87 /* Pods-LogBook.release.xcconfig */;
			buildSettings = {
				ALWAYS_EMBED_SWIFT_STANDARD_LIBRARIES = YES;
				ASSETCATALOG_COMPILER_APPICON_NAME = AppIcon;
				DEVELOPMENT_TEAM = 8J6J3HJ5T5;
				INFOPLIST_FILE = LogBook/Info.plist;
				LD_RUNPATH_SEARCH_PATHS = "$(inherited) @executable_path/Frameworks";
				PRODUCT_BUNDLE_IDENTIFIER = co.za.applord.LogBook;
				PRODUCT_NAME = "$(TARGET_NAME)";
				SWIFT_VERSION = 3.0;
			};
			name = Release;
		};
		A3A238371F41DFD600873C19 /* Debug */ = {
			isa = XCBuildConfiguration;
			baseConfigurationReference = 49AA16F48A0632651DFB8146 /* Pods-LogBookTests.debug.xcconfig */;
			buildSettings = {
				ALWAYS_EMBED_SWIFT_STANDARD_LIBRARIES = YES;
				BUNDLE_LOADER = "$(TEST_HOST)";
				DEVELOPMENT_TEAM = 8J6J3HJ5T5;
				INFOPLIST_FILE = LogBookTests/Info.plist;
				LD_RUNPATH_SEARCH_PATHS = "$(inherited) @executable_path/Frameworks @loader_path/Frameworks";
				PRODUCT_BUNDLE_IDENTIFIER = co.za.applord.LogBookTests;
				PRODUCT_NAME = "$(TARGET_NAME)";
				SWIFT_VERSION = 3.0;
				TEST_HOST = "$(BUILT_PRODUCTS_DIR)/LogBook.app/LogBook";
			};
			name = Debug;
		};
		A3A238381F41DFD600873C19 /* Release */ = {
			isa = XCBuildConfiguration;
			baseConfigurationReference = D283F680509E6F4155ECEA94 /* Pods-LogBookTests.release.xcconfig */;
			buildSettings = {
				ALWAYS_EMBED_SWIFT_STANDARD_LIBRARIES = YES;
				BUNDLE_LOADER = "$(TEST_HOST)";
				DEVELOPMENT_TEAM = 8J6J3HJ5T5;
				INFOPLIST_FILE = LogBookTests/Info.plist;
				LD_RUNPATH_SEARCH_PATHS = "$(inherited) @executable_path/Frameworks @loader_path/Frameworks";
				PRODUCT_BUNDLE_IDENTIFIER = co.za.applord.LogBookTests;
				PRODUCT_NAME = "$(TARGET_NAME)";
				SWIFT_VERSION = 3.0;
				TEST_HOST = "$(BUILT_PRODUCTS_DIR)/LogBook.app/LogBook";
			};
			name = Release;
		};
		A3A2383A1F41DFD600873C19 /* Debug */ = {
			isa = XCBuildConfiguration;
			baseConfigurationReference = B73E462F0D6029EEB340C5AC /* Pods-LogBookUITests.debug.xcconfig */;
			buildSettings = {
				ALWAYS_EMBED_SWIFT_STANDARD_LIBRARIES = YES;
				DEVELOPMENT_TEAM = 8J6J3HJ5T5;
				INFOPLIST_FILE = LogBookUITests/Info.plist;
				LD_RUNPATH_SEARCH_PATHS = "$(inherited) @executable_path/Frameworks @loader_path/Frameworks";
				PRODUCT_BUNDLE_IDENTIFIER = co.za.applord.LogBookUITests;
				PRODUCT_NAME = "$(TARGET_NAME)";
				SWIFT_VERSION = 3.0;
				TEST_TARGET_NAME = LogBook;
			};
			name = Debug;
		};
		A3A2383B1F41DFD600873C19 /* Release */ = {
			isa = XCBuildConfiguration;
			baseConfigurationReference = ECBE4143E4F3AD9E91703B55 /* Pods-LogBookUITests.release.xcconfig */;
			buildSettings = {
				ALWAYS_EMBED_SWIFT_STANDARD_LIBRARIES = YES;
				DEVELOPMENT_TEAM = 8J6J3HJ5T5;
				INFOPLIST_FILE = LogBookUITests/Info.plist;
				LD_RUNPATH_SEARCH_PATHS = "$(inherited) @executable_path/Frameworks @loader_path/Frameworks";
				PRODUCT_BUNDLE_IDENTIFIER = co.za.applord.LogBookUITests;
				PRODUCT_NAME = "$(TARGET_NAME)";
				SWIFT_VERSION = 3.0;
				TEST_TARGET_NAME = LogBook;
			};
			name = Release;
		};
		A3A238591F41E13E00873C19 /* Debug */ = {
			isa = XCBuildConfiguration;
			baseConfigurationReference = 26777713BC85D988687BE83E /* Pods-Domain.debug.xcconfig */;
			buildSettings = {
				CLANG_ENABLE_MODULES = YES;
				CODE_SIGN_IDENTITY = "";
				CURRENT_PROJECT_VERSION = 1;
				DEFINES_MODULE = YES;
				DEVELOPMENT_TEAM = 8J6J3HJ5T5;
				DYLIB_COMPATIBILITY_VERSION = 1;
				DYLIB_CURRENT_VERSION = 1;
				DYLIB_INSTALL_NAME_BASE = "@rpath";
				INFOPLIST_FILE = Domain/Info.plist;
				INSTALL_PATH = "$(LOCAL_LIBRARY_DIR)/Frameworks";
				LD_RUNPATH_SEARCH_PATHS = "$(inherited) @executable_path/Frameworks @loader_path/Frameworks";
				PRODUCT_BUNDLE_IDENTIFIER = co.za.applord.Domain;
				PRODUCT_NAME = "$(TARGET_NAME)";
				SKIP_INSTALL = YES;
				SWIFT_OPTIMIZATION_LEVEL = "-Onone";
				SWIFT_VERSION = 3.0;
				TARGETED_DEVICE_FAMILY = "1,2";
				VERSIONING_SYSTEM = "apple-generic";
				VERSION_INFO_PREFIX = "";
			};
			name = Debug;
		};
		A3A2385A1F41E13E00873C19 /* Release */ = {
			isa = XCBuildConfiguration;
			baseConfigurationReference = 4E80802575C898BEF03B3C4D /* Pods-Domain.release.xcconfig */;
			buildSettings = {
				CLANG_ENABLE_MODULES = YES;
				CODE_SIGN_IDENTITY = "";
				CURRENT_PROJECT_VERSION = 1;
				DEFINES_MODULE = YES;
				DEVELOPMENT_TEAM = 8J6J3HJ5T5;
				DYLIB_COMPATIBILITY_VERSION = 1;
				DYLIB_CURRENT_VERSION = 1;
				DYLIB_INSTALL_NAME_BASE = "@rpath";
				INFOPLIST_FILE = Domain/Info.plist;
				INSTALL_PATH = "$(LOCAL_LIBRARY_DIR)/Frameworks";
				LD_RUNPATH_SEARCH_PATHS = "$(inherited) @executable_path/Frameworks @loader_path/Frameworks";
				PRODUCT_BUNDLE_IDENTIFIER = co.za.applord.Domain;
				PRODUCT_NAME = "$(TARGET_NAME)";
				SKIP_INSTALL = YES;
				SWIFT_VERSION = 3.0;
				TARGETED_DEVICE_FAMILY = "1,2";
				VERSIONING_SYSTEM = "apple-generic";
				VERSION_INFO_PREFIX = "";
			};
			name = Release;
		};
		A3A2385D1F41E13E00873C19 /* Debug */ = {
			isa = XCBuildConfiguration;
			baseConfigurationReference = 940A764F780F275F1DC1048F /* Pods-DomainTests.debug.xcconfig */;
			buildSettings = {
				ALWAYS_EMBED_SWIFT_STANDARD_LIBRARIES = YES;
				DEVELOPMENT_TEAM = 8J6J3HJ5T5;
				INFOPLIST_FILE = DomainTests/Info.plist;
				LD_RUNPATH_SEARCH_PATHS = "$(inherited) @executable_path/Frameworks @loader_path/Frameworks";
				PRODUCT_BUNDLE_IDENTIFIER = co.za.applord.DomainTests;
				PRODUCT_NAME = "$(TARGET_NAME)";
				SWIFT_VERSION = 3.0;
				TEST_HOST = "$(BUILT_PRODUCTS_DIR)/LogBook.app/LogBook";
			};
			name = Debug;
		};
		A3A2385E1F41E13E00873C19 /* Release */ = {
			isa = XCBuildConfiguration;
			baseConfigurationReference = 7DD09A050E063F07AA61B491 /* Pods-DomainTests.release.xcconfig */;
			buildSettings = {
				ALWAYS_EMBED_SWIFT_STANDARD_LIBRARIES = YES;
				DEVELOPMENT_TEAM = 8J6J3HJ5T5;
				INFOPLIST_FILE = DomainTests/Info.plist;
				LD_RUNPATH_SEARCH_PATHS = "$(inherited) @executable_path/Frameworks @loader_path/Frameworks";
				PRODUCT_BUNDLE_IDENTIFIER = co.za.applord.DomainTests;
				PRODUCT_NAME = "$(TARGET_NAME)";
				SWIFT_VERSION = 3.0;
				TEST_HOST = "$(BUILT_PRODUCTS_DIR)/LogBook.app/LogBook";
			};
			name = Release;
		};
/* End XCBuildConfiguration section */

/* Begin XCConfigurationList section */
		A3056F241F41E83C00A8EED4 /* Build configuration list for PBXNativeTarget "Network" */ = {
			isa = XCConfigurationList;
			buildConfigurations = (
				A3056F201F41E83C00A8EED4 /* Debug */,
				A3056F211F41E83C00A8EED4 /* Release */,
			);
			defaultConfigurationIsVisible = 0;
			defaultConfigurationName = Release;
		};
		A3056F251F41E83C00A8EED4 /* Build configuration list for PBXNativeTarget "NetworkTests" */ = {
			isa = XCConfigurationList;
			buildConfigurations = (
				A3056F221F41E83C00A8EED4 /* Debug */,
				A3056F231F41E83C00A8EED4 /* Release */,
			);
			defaultConfigurationIsVisible = 0;
			defaultConfigurationName = Release;
		};
		A3A238031F41DFD500873C19 /* Build configuration list for PBXProject "LogBook" */ = {
			isa = XCConfigurationList;
			buildConfigurations = (
				A3A238311F41DFD600873C19 /* Debug */,
				A3A238321F41DFD600873C19 /* Release */,
			);
			defaultConfigurationIsVisible = 0;
			defaultConfigurationName = Release;
		};
		A3A238331F41DFD600873C19 /* Build configuration list for PBXNativeTarget "LogBook" */ = {
			isa = XCConfigurationList;
			buildConfigurations = (
				A3A238341F41DFD600873C19 /* Debug */,
				A3A238351F41DFD600873C19 /* Release */,
			);
			defaultConfigurationIsVisible = 0;
			defaultConfigurationName = Release;
		};
		A3A238361F41DFD600873C19 /* Build configuration list for PBXNativeTarget "LogBookTests" */ = {
			isa = XCConfigurationList;
			buildConfigurations = (
				A3A238371F41DFD600873C19 /* Debug */,
				A3A238381F41DFD600873C19 /* Release */,
			);
			defaultConfigurationIsVisible = 0;
			defaultConfigurationName = Release;
		};
		A3A238391F41DFD600873C19 /* Build configuration list for PBXNativeTarget "LogBookUITests" */ = {
			isa = XCConfigurationList;
			buildConfigurations = (
				A3A2383A1F41DFD600873C19 /* Debug */,
				A3A2383B1F41DFD600873C19 /* Release */,
			);
			defaultConfigurationIsVisible = 0;
			defaultConfigurationName = Release;
		};
		A3A238581F41E13E00873C19 /* Build configuration list for PBXNativeTarget "Domain" */ = {
			isa = XCConfigurationList;
			buildConfigurations = (
				A3A238591F41E13E00873C19 /* Debug */,
				A3A2385A1F41E13E00873C19 /* Release */,
			);
			defaultConfigurationIsVisible = 0;
			defaultConfigurationName = Release;
		};
		A3A2385C1F41E13E00873C19 /* Build configuration list for PBXNativeTarget "DomainTests" */ = {
			isa = XCConfigurationList;
			buildConfigurations = (
				A3A2385D1F41E13E00873C19 /* Debug */,
				A3A2385E1F41E13E00873C19 /* Release */,
			);
			defaultConfigurationIsVisible = 0;
			defaultConfigurationName = Release;
		};
/* End XCConfigurationList section */

/* Begin XCVersionGroup section */
		A3A238121F41DFD600873C19 /* LogBook.xcdatamodeld */ = {
			isa = XCVersionGroup;
			children = (
				A3A238131F41DFD600873C19 /* LogBook.xcdatamodel */,
			);
			currentVersion = A3A238131F41DFD600873C19 /* LogBook.xcdatamodel */;
			path = LogBook.xcdatamodeld;
			sourceTree = "<group>";
			versionGroupType = wrapper.xcdatamodel;
		};
/* End XCVersionGroup section */
	};
	rootObject = A3A238001F41DFD500873C19 /* Project object */;
}
